
Microsoft Visual Studio Solution File, Format Version 12.00
# Visual Studio Version 16
VisualStudioVersion = 16.0.33214.272
MinimumVisualStudioVersion = 10.0.40219.1
Project("{2150E333-8FDC-42A3-9474-1A3956D46DE8}") = "src", "src", "{76702F2D-747A-486D-91A5-EC1E7023FC85}"
	ProjectSection(SolutionItems) = preProject
		Info.txt = Info.txt
	EndProjectSection
EndProject
Project("{9A19103F-16F7-4668-BE54-9A1E7A4F7556}") = "Business", "src\Business\Business.csproj", "{CFBF0D74-1DAB-4DD8-A73B-00A5172141FE}"
EndProject
Project("{9A19103F-16F7-4668-BE54-9A1E7A4F7556}") = "Dominoes", "src\Dominoes\Dominoes.csproj", "{D8F5FF77-2E11-4425-BA25-17679968BD69}"
EndProject
Global
	GlobalSection(SolutionConfigurationPlatforms) = preSolution
		Debug|Any CPU = Debug|Any CPU
		Release|Any CPU = Release|Any CPU
	EndGlobalSection
	GlobalSection(ProjectConfigurationPlatforms) = postSolution
		{CFBF0D74-1DAB-4DD8-A73B-00A5172141FE}.Debug|Any CPU.ActiveCfg = Debug|Any CPU
		{CFBF0D74-1DAB-4DD8-A73B-00A5172141FE}.Debug|Any CPU.Build.0 = Debug|Any CPU
		{CFBF0D74-1DAB-4DD8-A73B-00A5172141FE}.Release|Any CPU.ActiveCfg = Release|Any CPU
		{CFBF0D74-1DAB-4DD8-A73B-00A5172141FE}.Release|Any CPU.Build.0 = Release|Any CPU
		{D8F5FF77-2E11-4425-BA25-17679968BD69}.Debug|Any CPU.ActiveCfg = Debug|Any CPU
		{D8F5FF77-2E11-4425-BA25-17679968BD69}.Debug|Any CPU.Build.0 = Debug|Any CPU
		{D8F5FF77-2E11-4425-BA25-17679968BD69}.Release|Any CPU.ActiveCfg = Release|Any CPU
		{D8F5FF77-2E11-4425-BA25-17679968BD69}.Release|Any CPU.Build.0 = Release|Any CPU
	EndGlobalSection
	GlobalSection(SolutionProperties) = preSolution
		HideSolutionNode = FALSE
	EndGlobalSection
	GlobalSection(NestedProjects) = preSolution
		{CFBF0D74-1DAB-4DD8-A73B-00A5172141FE} = {76702F2D-747A-486D-91A5-EC1E7023FC85}
		{D8F5FF77-2E11-4425-BA25-17679968BD69} = {76702F2D-747A-486D-91A5-EC1E7023FC85}
	EndGlobalSection
	GlobalSection(ExtensibilityGlobals) = postSolution
		SolutionGuid = {07D357CE-1321-4E44-88B2-2D5D7DCFCD95}
	EndGlobalSection
EndGlobal
